<?xml version="1.0" encoding="utf-8"?>
<Project ToolsVersion="4.0" xmlns="http://schemas.microsoft.com/developer/msbuild/2003">
  <ItemGroup>
    <Filter Include="源文件">
      <UniqueIdentifier>{4FC737F1-C7A5-4376-A066-2A32D752A2FF}</UniqueIdentifier>
      <Extensions>cpp;c;cc;cxx;c++;cppm;ixx;def;odl;idl;hpj;bat;asm;asmx</Extensions>
    </Filter>
    <Filter Include="头文件">
      <UniqueIdentifier>{93995380-89BD-4b04-88EB-625FBE52EBFB}</UniqueIdentifier>
      <Extensions>h;hh;hpp;hxx;h++;hm;inl;inc;ipp;xsd</Extensions>
    </Filter>
    <Filter Include="资源文件">
      <UniqueIdentifier>{67DA6AB6-F800-4c08-8B7A-83BB121AAD01}</UniqueIdentifier>
      <Extensions>rc;ico;cur;bmp;dlg;rc2;rct;bin;rgs;gif;jpg;jpeg;jpe;resx;tiff;tif;png;wav;mfcribbon-ms</Extensions>
    </Filter>
    <Filter Include="libs">
      <UniqueIdentifier>{21bcf4aa-06db-4a96-b17d-dd69a21e3d30}</UniqueIdentifier>
    </Filter>
    <Filter Include="libs\glad">
      <UniqueIdentifier>{6eaf4612-2062-443f-b534-3d35d471f2e2}</UniqueIdentifier>
    </Filter>
    <Filter Include="libs\KHR">
      <UniqueIdentifier>{b2df792a-12f4-4556-83f5-15d600330856}</UniqueIdentifier>
    </Filter>
    <Filter Include="libs\stbi">
      <UniqueIdentifier>{72d4eced-7b28-43b5-96d6-9ef96d22860c}</UniqueIdentifier>
    </Filter>
    <Filter Include="头文件\modules">
      <UniqueIdentifier>{46aa8285-5255-4bdb-9c01-01f3f2a98dad}</UniqueIdentifier>
    </Filter>
    <Filter Include="libs\imgui">
      <UniqueIdentifier>{d626c85d-7fa2-4a9b-bcf6-fe3af7b67f9f}</UniqueIdentifier>
    </Filter>
    <Filter Include="libs\json">
      <UniqueIdentifier>{2d06c144-fe71-4340-8a36-eb99c3c881d9}</UniqueIdentifier>
    </Filter>
  </ItemGroup>
  <ItemGroup>
    <ClCompile Include="src\dllmain.cpp">
      <Filter>源文件</Filter>
    </ClCompile>
    <ClCompile Include="src\inject.cpp">
      <Filter>源文件</Filter>
    </ClCompile>
    <ClCompile Include="src\reload.cpp">
      <Filter>源文件</Filter>
    </ClCompile>
    <ClCompile Include="libs\glad\glad.cpp">
      <Filter>libs\glad</Filter>
    </ClCompile>
    <ClCompile Include="pch.cpp">
      <Filter>源文件</Filter>
    </ClCompile>
    <ClCompile Include="libs\imgui\imgui.cpp">
      <Filter>libs\imgui</Filter>
    </ClCompile>
    <ClCompile Include="libs\imgui\imgui_demo.cpp">
      <Filter>libs\imgui</Filter>
    </ClCompile>
    <ClCompile Include="libs\imgui\imgui_draw.cpp">
      <Filter>libs\imgui</Filter>
    </ClCompile>
    <ClCompile Include="libs\imgui\imgui_tables.cpp">
      <Filter>libs\imgui</Filter>
    </ClCompile>
    <ClCompile Include="libs\imgui\imgui_widgets.cpp">
      <Filter>libs\imgui</Filter>
    </ClCompile>
    <ClCompile Include="libs\imgui\imgui_impl_opengl3.cpp">
      <Filter>libs\imgui</Filter>
    </ClCompile>
    <ClCompile Include="libs\imgui\imgui_impl_win32.cpp">
      <Filter>libs\imgui</Filter>
    </ClCompile>
    <ClCompile Include="libs\imgui\imgui_stdlib.cpp">
      <Filter>libs\imgui</Filter>
    </ClCompile>
    <ClCompile Include="libs\json\jsoncpp.cpp">
      <Filter>libs\json</Filter>
    </ClCompile>
  </ItemGroup>
  <ItemGroup>
    <ClInclude Include="include\callback.hpp">
      <Filter>头文件</Filter>
    </ClInclude>
    <ClInclude Include="include\framework.h">
      <Filter>头文件</Filter>
    </ClInclude>
    <ClInclude Include="include\function.hpp">
      <Filter>头文件</Filter>
    </ClInclude>
    <ClInclude Include="include\handle.hpp">
      <Filter>头文件</Filter>
    </ClInclude>
    <ClInclude Include="include\inject.hpp">
      <Filter>头文件</Filter>
    </ClInclude>
    <ClInclude Include="include\isaac.hpp">
      <Filter>头文件</Filter>
    </ClInclude>
    <ClInclude Include="include\lua.hpp">
      <Filter>头文件</Filter>
    </ClInclude>
    <ClInclude Include="include\main.hpp">
      <Filter>头文件</Filter>
    </ClInclude>
    <ClInclude Include="include\reload.hpp">
      <Filter>头文件</Filter>
    </ClInclude>
    <ClInclude Include="include\state.hpp">
      <Filter>头文件</Filter>
    </ClInclude>
    <ClInclude Include="include\utils.hpp">
      <Filter>头文件</Filter>
    </ClInclude>
    <ClInclude Include="libs\glad\glad.h">
      <Filter>libs\glad</Filter>
    </ClInclude>
    <ClInclude Include="include\pch.h">
      <Filter>头文件</Filter>
    </ClInclude>
    <ClInclude Include="include\gnucompat.hpp">
      <Filter>头文件</Filter>
    </ClInclude>
    <ClInclude Include="libs\stbi\stb_image_write.h">
      <Filter>libs\stbi</Filter>
    </ClInclude>
    <ClInclude Include="libs\stbi\stb_image.h">
      <Filter>libs\stbi</Filter>
    </ClInclude>
    <ClInclude Include="libs\KHR\khrplatform.h">
      <Filter>libs\KHR</Filter>
    </ClInclude>
    <ClInclude Include="include\modules\_isaac_socket.hpp">
      <Filter>头文件\modules</Filter>
    </ClInclude>
    <ClInclude Include="include\modules\isaac_api.hpp">
      <Filter>头文件\modules</Filter>
    </ClInclude>
    <ClInclude Include="include\modules\memory.hpp">
      <Filter>头文件\modules</Filter>
    </ClInclude>
    <ClInclude Include="include\modules\module.hpp">
      <Filter>头文件\modules</Filter>
    </ClInclude>
    <ClInclude Include="include\modules\opengl.hpp">
      <Filter>头文件\modules</Filter>
    </ClInclude>
    <ClInclude Include="include\modules\system_.hpp">
      <Filter>头文件\modules</Filter>
    </ClInclude>
    <ClInclude Include="include\modules\win_api.hpp">
      <Filter>头文件\modules</Filter>
    </ClInclude>
    <ClInclude Include="libs\imgui\imconfig.h">
      <Filter>libs\imgui</Filter>
    </ClInclude>
    <ClInclude Include="libs\imgui\imgui.h">
      <Filter>libs\imgui</Filter>
    </ClInclude>
    <ClInclude Include="libs\imgui\imgui_internal.h">
      <Filter>libs\imgui</Filter>
    </ClInclude>
    <ClInclude Include="libs\imgui\imstb_rectpack.h">
      <Filter>libs\imgui</Filter>
    </ClInclude>
    <ClInclude Include="libs\imgui\imstb_textedit.h">
      <Filter>libs\imgui</Filter>
    </ClInclude>
    <ClInclude Include="libs\imgui\imstb_truetype.h">
      <Filter>libs\imgui</Filter>
    </ClInclude>
    <ClInclude Include="libs\imgui\imgui_impl_opengl3.h">
      <Filter>libs\imgui</Filter>
    </ClInclude>
    <ClInclude Include="libs\imgui\imgui_impl_opengl3_loader.h">
      <Filter>libs\imgui</Filter>
    </ClInclude>
    <ClInclude Include="libs\imgui\imgui_impl_win32.h">
      <Filter>libs\imgui</Filter>
    </ClInclude>
    <ClInclude Include="include\modules\imgui.hpp">
      <Filter>头文件\modules</Filter>
    </ClInclude>
    <ClInclude Include="libs\imgui\imgui_stdlib.h">
      <Filter>libs\imgui</Filter>
    </ClInclude>
    <ClInclude Include="libs\json\json.h">
      <Filter>libs\json</Filter>
    </ClInclude>
    <ClInclude Include="libs\json\json-forwards.h">
      <Filter>libs\json</Filter>
    </ClInclude>
    <ClInclude Include="include\config.hpp">
      <Filter>头文件</Filter>
    </ClInclude>
    <ClInclude Include="include\modules\isaac_.hpp">
      <Filter>头文件\modules</Filter>
    </ClInclude>
  </ItemGroup>
</Project>