<?xml version="1.0" encoding="utf-8"?>
<Project ToolsVersion="4.0" xmlns="http://schemas.microsoft.com/developer/msbuild/2003">
  <ItemGroup>
    <Filter Include="源文件">
      <UniqueIdentifier>{4FC737F1-C7A5-4376-A066-2A32D752A2FF}</UniqueIdentifier>
      <Extensions>cpp;c;cc;cxx;c++;cppm;ixx;def;odl;idl;hpj;bat;asm;asmx</Extensions>
    </Filter>
    <Filter Include="头文件">
      <UniqueIdentifier>{93995380-89BD-4b04-88EB-625FBE52EBFB}</UniqueIdentifier>
      <Extensions>h;hh;hpp;hxx;h++;hm;inl;inc;ipp;xsd</Extensions>
    </Filter>
    <Filter Include="资源文件">
      <UniqueIdentifier>{67DA6AB6-F800-4c08-8B7A-83BB121AAD01}</UniqueIdentifier>
      <Extensions>rc;ico;cur;bmp;dlg;rc2;rct;bin;rgs;gif;jpg;jpeg;jpe;resx;tiff;tif;png;wav;mfcribbon-ms</Extensions>
    </Filter>
    <Filter Include="源文件\modules">
      <UniqueIdentifier>{d050df09-b033-421e-8c18-9cb48457927a}</UniqueIdentifier>
    </Filter>
    <Filter Include="库">
      <UniqueIdentifier>{21bcf4aa-06db-4a96-b17d-dd69a21e3d30}</UniqueIdentifier>
    </Filter>
    <Filter Include="库\glad">
      <UniqueIdentifier>{6eaf4612-2062-443f-b534-3d35d471f2e2}</UniqueIdentifier>
    </Filter>
    <Filter Include="库\stbi">
      <UniqueIdentifier>{72d4eced-7b28-43b5-96d6-9ef96d22860c}</UniqueIdentifier>
    </Filter>
    <Filter Include="库\imgui">
      <UniqueIdentifier>{d626c85d-7fa2-4a9b-bcf6-fe3af7b67f9f}</UniqueIdentifier>
    </Filter>
    <Filter Include="库\ImGuiFileDialog">
      <UniqueIdentifier>{1224ee38-055c-4a36-94e1-8b44f4577625}</UniqueIdentifier>
    </Filter>
    <Filter Include="库\imsdk">
      <UniqueIdentifier>{63fe1ff4-d392-4263-b2b7-f32974eb857a}</UniqueIdentifier>
    </Filter>
    <Filter Include="库\Poco">
      <UniqueIdentifier>{4da322a2-07af-45ab-b57f-1f5f20659eba}</UniqueIdentifier>
    </Filter>
    <Filter Include="库\Poco\Dynamic">
      <UniqueIdentifier>{10eb7aca-333c-409f-8462-e8af007a2bf7}</UniqueIdentifier>
    </Filter>
    <Filter Include="库\Poco\JSON">
      <UniqueIdentifier>{71dedf08-7bfe-43ff-9029-0d492a150e46}</UniqueIdentifier>
    </Filter>
    <Filter Include="库\Poco\Net">
      <UniqueIdentifier>{42c3e667-8c04-49f7-94c2-7c89ded9b339}</UniqueIdentifier>
    </Filter>
    <Filter Include="库\Poco\Util">
      <UniqueIdentifier>{3cf0385b-ad2f-4b50-8b28-b29cfb2b9210}</UniqueIdentifier>
    </Filter>
    <Filter Include="库\Poco\lib">
      <UniqueIdentifier>{0b831385-cc80-475a-b2c3-ac51eb9585b9}</UniqueIdentifier>
    </Filter>
  </ItemGroup>
  <ItemGroup>
    <ClCompile Include="libs\glad\glad.cpp">
      <Filter>库\glad</Filter>
    </ClCompile>
    <ClCompile Include="libs\imgui\imgui.cpp">
      <Filter>库\imgui</Filter>
    </ClCompile>
    <ClCompile Include="libs\imgui\imgui_demo.cpp">
      <Filter>库\imgui</Filter>
    </ClCompile>
    <ClCompile Include="libs\imgui\imgui_draw.cpp">
      <Filter>库\imgui</Filter>
    </ClCompile>
    <ClCompile Include="libs\imgui\imgui_tables.cpp">
      <Filter>库\imgui</Filter>
    </ClCompile>
    <ClCompile Include="libs\imgui\imgui_widgets.cpp">
      <Filter>库\imgui</Filter>
    </ClCompile>
    <ClCompile Include="libs\imgui\imgui_impl_opengl3.cpp">
      <Filter>库\imgui</Filter>
    </ClCompile>
    <ClCompile Include="libs\imgui\imgui_impl_win32.cpp">
      <Filter>库\imgui</Filter>
    </ClCompile>
    <ClCompile Include="libs\imgui\imgui_stdlib.cpp">
      <Filter>库\imgui</Filter>
    </ClCompile>
    <ClCompile Include="pch.cpp">
      <Filter>源文件</Filter>
    </ClCompile>
    <ClCompile Include="src\modules\imgui_.cpp">
      <Filter>源文件\modules</Filter>
    </ClCompile>
    <ClCompile Include="src\modules\isaac_.cpp">
      <Filter>源文件\modules</Filter>
    </ClCompile>
    <ClCompile Include="src\modules\isaac_api.cpp">
      <Filter>源文件\modules</Filter>
    </ClCompile>
    <ClCompile Include="src\modules\memory.cpp">
      <Filter>源文件\modules</Filter>
    </ClCompile>
    <ClCompile Include="src\modules\opengl.cpp">
      <Filter>源文件\modules</Filter>
    </ClCompile>
    <ClCompile Include="src\modules\system_.cpp">
      <Filter>源文件\modules</Filter>
    </ClCompile>
    <ClCompile Include="src\modules\win_api.cpp">
      <Filter>源文件\modules</Filter>
    </ClCompile>
    <ClCompile Include="src\modules\http.cpp">
      <Filter>源文件\modules</Filter>
    </ClCompile>
    <ClCompile Include="src\async.cpp">
      <Filter>源文件</Filter>
    </ClCompile>
    <ClCompile Include="src\dllmain.cpp">
      <Filter>源文件</Filter>
    </ClCompile>
    <ClCompile Include="src\inject.cpp">
      <Filter>源文件</Filter>
    </ClCompile>
    <ClCompile Include="src\reload.cpp">
      <Filter>源文件</Filter>
    </ClCompile>
    <ClCompile Include="src\modules\image.cpp">
      <Filter>源文件\modules</Filter>
    </ClCompile>
    <ClCompile Include="src\modules\sound.cpp">
      <Filter>源文件\modules</Filter>
    </ClCompile>
    <ClCompile Include="libs\ImGuiFileDialog\ImGuiFileDialog.cpp">
      <Filter>库\ImGuiFileDialog</Filter>
    </ClCompile>
    <ClCompile Include="src\modules\tim.cpp">
      <Filter>源文件\modules</Filter>
    </ClCompile>
    <ClCompile Include="src\modules\http2.cpp">
      <Filter>源文件\modules</Filter>
    </ClCompile>
    <ClCompile Include="libs\imsdk\GenerateTestUserSig.cpp">
      <Filter>库\imsdk</Filter>
    </ClCompile>
    <ClCompile Include="src\callback.cpp">
      <Filter>源文件</Filter>
    </ClCompile>
    <ClCompile Include="src\isaac_socket.cpp">
      <Filter>源文件</Filter>
    </ClCompile>
    <ClCompile Include="src\task_.cpp">
      <Filter>源文件</Filter>
    </ClCompile>
    <ClCompile Include="src\config.cpp">
      <Filter>源文件</Filter>
    </ClCompile>
    <ClCompile Include="src\state.cpp">
      <Filter>源文件</Filter>
    </ClCompile>
  </ItemGroup>
  <ItemGroup>
    <ClInclude Include="libs\glad\glad.h">
      <Filter>库\glad</Filter>
    </ClInclude>
    <ClInclude Include="libs\stbi\stb_image_write.h">
      <Filter>库\stbi</Filter>
    </ClInclude>
    <ClInclude Include="libs\stbi\stb_image.h">
      <Filter>库\stbi</Filter>
    </ClInclude>
    <ClInclude Include="libs\imgui\imconfig.h">
      <Filter>库\imgui</Filter>
    </ClInclude>
    <ClInclude Include="libs\imgui\imgui.h">
      <Filter>库\imgui</Filter>
    </ClInclude>
    <ClInclude Include="libs\imgui\imgui_internal.h">
      <Filter>库\imgui</Filter>
    </ClInclude>
    <ClInclude Include="libs\imgui\imstb_rectpack.h">
      <Filter>库\imgui</Filter>
    </ClInclude>
    <ClInclude Include="libs\imgui\imstb_textedit.h">
      <Filter>库\imgui</Filter>
    </ClInclude>
    <ClInclude Include="libs\imgui\imstb_truetype.h">
      <Filter>库\imgui</Filter>
    </ClInclude>
    <ClInclude Include="libs\imgui\imgui_impl_opengl3.h">
      <Filter>库\imgui</Filter>
    </ClInclude>
    <ClInclude Include="libs\imgui\imgui_impl_opengl3_loader.h">
      <Filter>库\imgui</Filter>
    </ClInclude>
    <ClInclude Include="libs\imgui\imgui_impl_win32.h">
      <Filter>库\imgui</Filter>
    </ClInclude>
    <ClInclude Include="libs\imgui\imgui_stdlib.h">
      <Filter>库\imgui</Filter>
    </ClInclude>
    <ClInclude Include="include\async.hpp">
      <Filter>头文件</Filter>
    </ClInclude>
    <ClInclude Include="include\callback.hpp">
      <Filter>头文件</Filter>
    </ClInclude>
    <ClInclude Include="include\config.hpp">
      <Filter>头文件</Filter>
    </ClInclude>
    <ClInclude Include="include\framework.h">
      <Filter>头文件</Filter>
    </ClInclude>
    <ClInclude Include="include\gnucompat.hpp">
      <Filter>头文件</Filter>
    </ClInclude>
    <ClInclude Include="include\handle.hpp">
      <Filter>头文件</Filter>
    </ClInclude>
    <ClInclude Include="include\inject.hpp">
      <Filter>头文件</Filter>
    </ClInclude>
    <ClInclude Include="include\isaac_image.hpp">
      <Filter>头文件</Filter>
    </ClInclude>
    <ClInclude Include="include\isaac_socket.hpp">
      <Filter>头文件</Filter>
    </ClInclude>
    <ClInclude Include="include\lua.hpp">
      <Filter>头文件</Filter>
    </ClInclude>
    <ClInclude Include="include\main.hpp">
      <Filter>头文件</Filter>
    </ClInclude>
    <ClInclude Include="include\module.hpp">
      <Filter>头文件</Filter>
    </ClInclude>
    <ClInclude Include="include\pch.h">
      <Filter>头文件</Filter>
    </ClInclude>
    <ClInclude Include="include\reload.hpp">
      <Filter>头文件</Filter>
    </ClInclude>
    <ClInclude Include="include\state.hpp">
      <Filter>头文件</Filter>
    </ClInclude>
    <ClInclude Include="include\utils.hpp">
      <Filter>头文件</Filter>
    </ClInclude>
    <ClInclude Include="libs\stbi\stb_image_resize2.h">
      <Filter>库\stbi</Filter>
    </ClInclude>
    <ClInclude Include="libs\ImGuiFileDialog\ImGuiFileDialog.h">
      <Filter>库\ImGuiFileDialog</Filter>
    </ClInclude>
    <ClInclude Include="libs\ImGuiFileDialog\ImGuiFileDialogConfig.h">
      <Filter>库\ImGuiFileDialog</Filter>
    </ClInclude>
    <ClInclude Include="libs\imsdk\TIMCloud.h">
      <Filter>库\imsdk</Filter>
    </ClInclude>
    <ClInclude Include="libs\imsdk\TIMCloudComm.h">
      <Filter>库\imsdk</Filter>
    </ClInclude>
    <ClInclude Include="libs\imsdk\TIMCloudDef.h">
      <Filter>库\imsdk</Filter>
    </ClInclude>
    <ClInclude Include="libs\imsdk\TIMCommunityManager.h">
      <Filter>库\imsdk</Filter>
    </ClInclude>
    <ClInclude Include="libs\imsdk\TIMConversationManager.h">
      <Filter>库\imsdk</Filter>
    </ClInclude>
    <ClInclude Include="libs\imsdk\TIMErrorCode.h">
      <Filter>库\imsdk</Filter>
    </ClInclude>
    <ClInclude Include="libs\imsdk\TIMExperimentalAPI.h">
      <Filter>库\imsdk</Filter>
    </ClInclude>
    <ClInclude Include="libs\imsdk\TIMFriendshipManager.h">
      <Filter>库\imsdk</Filter>
    </ClInclude>
    <ClInclude Include="libs\imsdk\TIMGroupManager.h">
      <Filter>库\imsdk</Filter>
    </ClInclude>
    <ClInclude Include="libs\imsdk\TIMManager.h">
      <Filter>库\imsdk</Filter>
    </ClInclude>
    <ClInclude Include="libs\imsdk\TIMMessageManager.h">
      <Filter>库\imsdk</Filter>
    </ClInclude>
    <ClInclude Include="libs\imsdk\TIMOfflinePushManager.h">
      <Filter>库\imsdk</Filter>
    </ClInclude>
    <ClInclude Include="libs\imsdk\TIMSignalingManager.h">
      <Filter>库\imsdk</Filter>
    </ClInclude>
    <ClInclude Include="include\task_.hpp">
      <Filter>头文件</Filter>
    </ClInclude>
    <ClInclude Include="libs\imsdk\GenerateTestUserSig.h">
      <Filter>库\imsdk</Filter>
    </ClInclude>
    <ClInclude Include="libs\glad\khrplatform.h">
      <Filter>库\glad</Filter>
    </ClInclude>
    <ClInclude Include="libs\ImGuiFileDialog\dirent.h">
      <Filter>库\ImGuiFileDialog</Filter>
    </ClInclude>
    <ClInclude Include="libs\stbi\stb_image_resize.h">
      <Filter>库\stbi</Filter>
    </ClInclude>
    <ClInclude Include="libs\Poco\Dynamic\Pair.h">
      <Filter>库\Poco\Dynamic</Filter>
    </ClInclude>
    <ClInclude Include="libs\Poco\Dynamic\Struct.h">
      <Filter>库\Poco\Dynamic</Filter>
    </ClInclude>
    <ClInclude Include="libs\Poco\Dynamic\Var.h">
      <Filter>库\Poco\Dynamic</Filter>
    </ClInclude>
    <ClInclude Include="libs\Poco\Dynamic\VarHolder.h">
      <Filter>库\Poco\Dynamic</Filter>
    </ClInclude>
    <ClInclude Include="libs\Poco\Dynamic\VarIterator.h">
      <Filter>库\Poco\Dynamic</Filter>
    </ClInclude>
    <ClInclude Include="libs\Poco\Dynamic\VarVisitor.h">
      <Filter>库\Poco\Dynamic</Filter>
    </ClInclude>
    <ClInclude Include="libs\Poco\JSON\Array.h">
      <Filter>库\Poco\JSON</Filter>
    </ClInclude>
    <ClInclude Include="libs\Poco\JSON\Handler.h">
      <Filter>库\Poco\JSON</Filter>
    </ClInclude>
    <ClInclude Include="libs\Poco\JSON\JSON.h">
      <Filter>库\Poco\JSON</Filter>
    </ClInclude>
    <ClInclude Include="libs\Poco\JSON\JSONException.h">
      <Filter>库\Poco\JSON</Filter>
    </ClInclude>
    <ClInclude Include="libs\Poco\JSON\Object.h">
      <Filter>库\Poco\JSON</Filter>
    </ClInclude>
    <ClInclude Include="libs\Poco\JSON\ParseHandler.h">
      <Filter>库\Poco\JSON</Filter>
    </ClInclude>
    <ClInclude Include="libs\Poco\JSON\Parser.h">
      <Filter>库\Poco\JSON</Filter>
    </ClInclude>
    <ClInclude Include="libs\Poco\JSON\ParserImpl.h">
      <Filter>库\Poco\JSON</Filter>
    </ClInclude>
    <ClInclude Include="libs\Poco\JSON\PrintHandler.h">
      <Filter>库\Poco\JSON</Filter>
    </ClInclude>
    <ClInclude Include="libs\Poco\JSON\Query.h">
      <Filter>库\Poco\JSON</Filter>
    </ClInclude>
    <ClInclude Include="libs\Poco\JSON\Stringifier.h">
      <Filter>库\Poco\JSON</Filter>
    </ClInclude>
    <ClInclude Include="libs\Poco\JSON\Template.h">
      <Filter>库\Poco\JSON</Filter>
    </ClInclude>
    <ClInclude Include="libs\Poco\JSON\TemplateCache.h">
      <Filter>库\Poco\JSON</Filter>
    </ClInclude>
    <ClInclude Include="libs\Poco\Net\AbstractHTTPRequestHandler.h">
      <Filter>库\Poco\Net</Filter>
    </ClInclude>
    <ClInclude Include="libs\Poco\Net\AcceptCertificateHandler.h">
      <Filter>库\Poco\Net</Filter>
    </ClInclude>
    <ClInclude Include="libs\Poco\Net\AutoSecBufferDesc.h">
      <Filter>库\Poco\Net</Filter>
    </ClInclude>
    <ClInclude Include="libs\Poco\Net\CertificateHandlerFactory.h">
      <Filter>库\Poco\Net</Filter>
    </ClInclude>
    <ClInclude Include="libs\Poco\Net\CertificateHandlerFactoryMgr.h">
      <Filter>库\Poco\Net</Filter>
    </ClInclude>
    <ClInclude Include="libs\Poco\Net\ConsoleCertificateHandler.h">
      <Filter>库\Poco\Net</Filter>
    </ClInclude>
    <ClInclude Include="libs\Poco\Net\Context.h">
      <Filter>库\Poco\Net</Filter>
    </ClInclude>
    <ClInclude Include="libs\Poco\Net\DatagramSocket.h">
      <Filter>库\Poco\Net</Filter>
    </ClInclude>
    <ClInclude Include="libs\Poco\Net\DatagramSocketImpl.h">
      <Filter>库\Poco\Net</Filter>
    </ClInclude>
    <ClInclude Include="libs\Poco\Net\DialogSocket.h">
      <Filter>库\Poco\Net</Filter>
    </ClInclude>
    <ClInclude Include="libs\Poco\Net\DNS.h">
      <Filter>库\Poco\Net</Filter>
    </ClInclude>
    <ClInclude Include="libs\Poco\Net\EscapeHTMLStream.h">
      <Filter>库\Poco\Net</Filter>
    </ClInclude>
    <ClInclude Include="libs\Poco\Net\FilePartSource.h">
      <Filter>库\Poco\Net</Filter>
    </ClInclude>
    <ClInclude Include="libs\Poco\Net\FTPClientSession.h">
      <Filter>库\Poco\Net</Filter>
    </ClInclude>
    <ClInclude Include="libs\Poco\Net\FTPStreamFactory.h">
      <Filter>库\Poco\Net</Filter>
    </ClInclude>
    <ClInclude Include="libs\Poco\Net\HostEntry.h">
      <Filter>库\Poco\Net</Filter>
    </ClInclude>
    <ClInclude Include="libs\Poco\Net\HTMLForm.h">
      <Filter>库\Poco\Net</Filter>
    </ClInclude>
    <ClInclude Include="libs\Poco\Net\HTTPAuthenticationParams.h">
      <Filter>库\Poco\Net</Filter>
    </ClInclude>
    <ClInclude Include="libs\Poco\Net\HTTPBasicCredentials.h">
      <Filter>库\Poco\Net</Filter>
    </ClInclude>
    <ClInclude Include="libs\Poco\Net\HTTPBasicStreamBuf.h">
      <Filter>库\Poco\Net</Filter>
    </ClInclude>
    <ClInclude Include="libs\Poco\Net\HTTPBufferAllocator.h">
      <Filter>库\Poco\Net</Filter>
    </ClInclude>
    <ClInclude Include="libs\Poco\Net\HTTPChunkedStream.h">
      <Filter>库\Poco\Net</Filter>
    </ClInclude>
    <ClInclude Include="libs\Poco\Net\HTTPClientSession.h">
      <Filter>库\Poco\Net</Filter>
    </ClInclude>
    <ClInclude Include="libs\Poco\Net\HTTPCookie.h">
      <Filter>库\Poco\Net</Filter>
    </ClInclude>
    <ClInclude Include="libs\Poco\Net\HTTPCredentials.h">
      <Filter>库\Poco\Net</Filter>
    </ClInclude>
    <ClInclude Include="libs\Poco\Net\HTTPDigestCredentials.h">
      <Filter>库\Poco\Net</Filter>
    </ClInclude>
    <ClInclude Include="libs\Poco\Net\HTTPFixedLengthStream.h">
      <Filter>库\Poco\Net</Filter>
    </ClInclude>
    <ClInclude Include="libs\Poco\Net\HTTPHeaderStream.h">
      <Filter>库\Poco\Net</Filter>
    </ClInclude>
    <ClInclude Include="libs\Poco\Net\HTTPIOStream.h">
      <Filter>库\Poco\Net</Filter>
    </ClInclude>
    <ClInclude Include="libs\Poco\Net\HTTPMessage.h">
      <Filter>库\Poco\Net</Filter>
    </ClInclude>
    <ClInclude Include="libs\Poco\Net\HTTPNTLMCredentials.h">
      <Filter>库\Poco\Net</Filter>
    </ClInclude>
    <ClInclude Include="libs\Poco\Net\HTTPRequest.h">
      <Filter>库\Poco\Net</Filter>
    </ClInclude>
    <ClInclude Include="libs\Poco\Net\HTTPRequestHandler.h">
      <Filter>库\Poco\Net</Filter>
    </ClInclude>
    <ClInclude Include="libs\Poco\Net\HTTPRequestHandlerFactory.h">
      <Filter>库\Poco\Net</Filter>
    </ClInclude>
    <ClInclude Include="libs\Poco\Net\HTTPResponse.h">
      <Filter>库\Poco\Net</Filter>
    </ClInclude>
    <ClInclude Include="libs\Poco\Net\HTTPSClientSession.h">
      <Filter>库\Poco\Net</Filter>
    </ClInclude>
    <ClInclude Include="libs\Poco\Net\HTTPServer.h">
      <Filter>库\Poco\Net</Filter>
    </ClInclude>
    <ClInclude Include="libs\Poco\Net\HTTPServerConnection.h">
      <Filter>库\Poco\Net</Filter>
    </ClInclude>
    <ClInclude Include="libs\Poco\Net\HTTPServerConnectionFactory.h">
      <Filter>库\Poco\Net</Filter>
    </ClInclude>
    <ClInclude Include="libs\Poco\Net\HTTPServerParams.h">
      <Filter>库\Poco\Net</Filter>
    </ClInclude>
    <ClInclude Include="libs\Poco\Net\HTTPServerRequest.h">
      <Filter>库\Poco\Net</Filter>
    </ClInclude>
    <ClInclude Include="libs\Poco\Net\HTTPServerRequestImpl.h">
      <Filter>库\Poco\Net</Filter>
    </ClInclude>
    <ClInclude Include="libs\Poco\Net\HTTPServerResponse.h">
      <Filter>库\Poco\Net</Filter>
    </ClInclude>
    <ClInclude Include="libs\Poco\Net\HTTPServerResponseImpl.h">
      <Filter>库\Poco\Net</Filter>
    </ClInclude>
    <ClInclude Include="libs\Poco\Net\HTTPServerSession.h">
      <Filter>库\Poco\Net</Filter>
    </ClInclude>
    <ClInclude Include="libs\Poco\Net\HTTPSession.h">
      <Filter>库\Poco\Net</Filter>
    </ClInclude>
    <ClInclude Include="libs\Poco\Net\HTTPSessionFactory.h">
      <Filter>库\Poco\Net</Filter>
    </ClInclude>
    <ClInclude Include="libs\Poco\Net\HTTPSessionInstantiator.h">
      <Filter>库\Poco\Net</Filter>
    </ClInclude>
    <ClInclude Include="libs\Poco\Net\HTTPSSessionInstantiator.h">
      <Filter>库\Poco\Net</Filter>
    </ClInclude>
    <ClInclude Include="libs\Poco\Net\HTTPSStreamFactory.h">
      <Filter>库\Poco\Net</Filter>
    </ClInclude>
    <ClInclude Include="libs\Poco\Net\HTTPStream.h">
      <Filter>库\Poco\Net</Filter>
    </ClInclude>
    <ClInclude Include="libs\Poco\Net\HTTPStreamFactory.h">
      <Filter>库\Poco\Net</Filter>
    </ClInclude>
    <ClInclude Include="libs\Poco\Net\ICMPClient.h">
      <Filter>库\Poco\Net</Filter>
    </ClInclude>
    <ClInclude Include="libs\Poco\Net\ICMPEventArgs.h">
      <Filter>库\Poco\Net</Filter>
    </ClInclude>
    <ClInclude Include="libs\Poco\Net\ICMPPacket.h">
      <Filter>库\Poco\Net</Filter>
    </ClInclude>
    <ClInclude Include="libs\Poco\Net\ICMPPacketImpl.h">
      <Filter>库\Poco\Net</Filter>
    </ClInclude>
    <ClInclude Include="libs\Poco\Net\ICMPSocket.h">
      <Filter>库\Poco\Net</Filter>
    </ClInclude>
    <ClInclude Include="libs\Poco\Net\ICMPSocketImpl.h">
      <Filter>库\Poco\Net</Filter>
    </ClInclude>
    <ClInclude Include="libs\Poco\Net\ICMPv4PacketImpl.h">
      <Filter>库\Poco\Net</Filter>
    </ClInclude>
    <ClInclude Include="libs\Poco\Net\InvalidCertificateHandler.h">
      <Filter>库\Poco\Net</Filter>
    </ClInclude>
    <ClInclude Include="libs\Poco\Net\IPAddress.h">
      <Filter>库\Poco\Net</Filter>
    </ClInclude>
    <ClInclude Include="libs\Poco\Net\IPAddressImpl.h">
      <Filter>库\Poco\Net</Filter>
    </ClInclude>
    <ClInclude Include="libs\Poco\Net\KeyConsoleHandler.h">
      <Filter>库\Poco\Net</Filter>
    </ClInclude>
    <ClInclude Include="libs\Poco\Net\KeyFileHandler.h">
      <Filter>库\Poco\Net</Filter>
    </ClInclude>
    <ClInclude Include="libs\Poco\Net\MailMessage.h">
      <Filter>库\Poco\Net</Filter>
    </ClInclude>
    <ClInclude Include="libs\Poco\Net\MailRecipient.h">
      <Filter>库\Poco\Net</Filter>
    </ClInclude>
    <ClInclude Include="libs\Poco\Net\MailStream.h">
      <Filter>库\Poco\Net</Filter>
    </ClInclude>
    <ClInclude Include="libs\Poco\Net\MediaType.h">
      <Filter>库\Poco\Net</Filter>
    </ClInclude>
    <ClInclude Include="libs\Poco\Net\MessageHeader.h">
      <Filter>库\Poco\Net</Filter>
    </ClInclude>
    <ClInclude Include="libs\Poco\Net\MulticastSocket.h">
      <Filter>库\Poco\Net</Filter>
    </ClInclude>
    <ClInclude Include="libs\Poco\Net\MultipartReader.h">
      <Filter>库\Poco\Net</Filter>
    </ClInclude>
    <ClInclude Include="libs\Poco\Net\MultipartWriter.h">
      <Filter>库\Poco\Net</Filter>
    </ClInclude>
    <ClInclude Include="libs\Poco\Net\MultiSocketPoller.h">
      <Filter>库\Poco\Net</Filter>
    </ClInclude>
    <ClInclude Include="libs\Poco\Net\NameValueCollection.h">
      <Filter>库\Poco\Net</Filter>
    </ClInclude>
    <ClInclude Include="libs\Poco\Net\Net.h">
      <Filter>库\Poco\Net</Filter>
    </ClInclude>
    <ClInclude Include="libs\Poco\Net\NetException.h">
      <Filter>库\Poco\Net</Filter>
    </ClInclude>
    <ClInclude Include="libs\Poco\Net\NetSSL.h">
      <Filter>库\Poco\Net</Filter>
    </ClInclude>
    <ClInclude Include="libs\Poco\Net\NetworkInterface.h">
      <Filter>库\Poco\Net</Filter>
    </ClInclude>
    <ClInclude Include="libs\Poco\Net\NTLMCredentials.h">
      <Filter>库\Poco\Net</Filter>
    </ClInclude>
    <ClInclude Include="libs\Poco\Net\NTPClient.h">
      <Filter>库\Poco\Net</Filter>
    </ClInclude>
    <ClInclude Include="libs\Poco\Net\NTPEventArgs.h">
      <Filter>库\Poco\Net</Filter>
    </ClInclude>
    <ClInclude Include="libs\Poco\Net\NTPPacket.h">
      <Filter>库\Poco\Net</Filter>
    </ClInclude>
    <ClInclude Include="libs\Poco\Net\NullPartHandler.h">
      <Filter>库\Poco\Net</Filter>
    </ClInclude>
    <ClInclude Include="libs\Poco\Net\OAuth10Credentials.h">
      <Filter>库\Poco\Net</Filter>
    </ClInclude>
    <ClInclude Include="libs\Poco\Net\OAuth20Credentials.h">
      <Filter>库\Poco\Net</Filter>
    </ClInclude>
    <ClInclude Include="libs\Poco\Net\ParallelSocketAcceptor.h">
      <Filter>库\Poco\Net</Filter>
    </ClInclude>
    <ClInclude Include="libs\Poco\Net\ParallelSocketReactor.h">
      <Filter>库\Poco\Net</Filter>
    </ClInclude>
    <ClInclude Include="libs\Poco\Net\PartHandler.h">
      <Filter>库\Poco\Net</Filter>
    </ClInclude>
    <ClInclude Include="libs\Poco\Net\PartSource.h">
      <Filter>库\Poco\Net</Filter>
    </ClInclude>
    <ClInclude Include="libs\Poco\Net\PartStore.h">
      <Filter>库\Poco\Net</Filter>
    </ClInclude>
    <ClInclude Include="libs\Poco\Net\PollSet.h">
      <Filter>库\Poco\Net</Filter>
    </ClInclude>
    <ClInclude Include="libs\Poco\Net\POP3ClientSession.h">
      <Filter>库\Poco\Net</Filter>
    </ClInclude>
    <ClInclude Include="libs\Poco\Net\PrivateKeyFactory.h">
      <Filter>库\Poco\Net</Filter>
    </ClInclude>
    <ClInclude Include="libs\Poco\Net\PrivateKeyFactoryMgr.h">
      <Filter>库\Poco\Net</Filter>
    </ClInclude>
    <ClInclude Include="libs\Poco\Net\PrivateKeyPassphraseHandler.h">
      <Filter>库\Poco\Net</Filter>
    </ClInclude>
    <ClInclude Include="libs\Poco\Net\QuotedPrintableDecoder.h">
      <Filter>库\Poco\Net</Filter>
    </ClInclude>
    <ClInclude Include="libs\Poco\Net\QuotedPrintableEncoder.h">
      <Filter>库\Poco\Net</Filter>
    </ClInclude>
    <ClInclude Include="libs\Poco\Net\RawSocket.h">
      <Filter>库\Poco\Net</Filter>
    </ClInclude>
    <ClInclude Include="libs\Poco\Net\RawSocketImpl.h">
      <Filter>库\Poco\Net</Filter>
    </ClInclude>
    <ClInclude Include="libs\Poco\Net\RejectCertificateHandler.h">
      <Filter>库\Poco\Net</Filter>
    </ClInclude>
    <ClInclude Include="libs\Poco\Net\RemoteSyslogChannel.h">
      <Filter>库\Poco\Net</Filter>
    </ClInclude>
    <ClInclude Include="libs\Poco\Net\RemoteSyslogListener.h">
      <Filter>库\Poco\Net</Filter>
    </ClInclude>
    <ClInclude Include="libs\Poco\Net\SecureServerSocket.h">
      <Filter>库\Poco\Net</Filter>
    </ClInclude>
    <ClInclude Include="libs\Poco\Net\SecureServerSocketImpl.h">
      <Filter>库\Poco\Net</Filter>
    </ClInclude>
    <ClInclude Include="libs\Poco\Net\SecureSMTPClientSession.h">
      <Filter>库\Poco\Net</Filter>
    </ClInclude>
    <ClInclude Include="libs\Poco\Net\SecureSocketImpl.h">
      <Filter>库\Poco\Net</Filter>
    </ClInclude>
    <ClInclude Include="libs\Poco\Net\SecureStreamSocket.h">
      <Filter>库\Poco\Net</Filter>
    </ClInclude>
    <ClInclude Include="libs\Poco\Net\SecureStreamSocketImpl.h">
      <Filter>库\Poco\Net</Filter>
    </ClInclude>
    <ClInclude Include="libs\Poco\Net\ServerSocket.h">
      <Filter>库\Poco\Net</Filter>
    </ClInclude>
    <ClInclude Include="libs\Poco\Net\ServerSocketImpl.h">
      <Filter>库\Poco\Net</Filter>
    </ClInclude>
    <ClInclude Include="libs\Poco\Net\Session.h">
      <Filter>库\Poco\Net</Filter>
    </ClInclude>
    <ClInclude Include="libs\Poco\Net\SingleSocketPoller.h">
      <Filter>库\Poco\Net</Filter>
    </ClInclude>
    <ClInclude Include="libs\Poco\Net\SMTPChannel.h">
      <Filter>库\Poco\Net</Filter>
    </ClInclude>
    <ClInclude Include="libs\Poco\Net\SMTPClientSession.h">
      <Filter>库\Poco\Net</Filter>
    </ClInclude>
    <ClInclude Include="libs\Poco\Net\Socket.h">
      <Filter>库\Poco\Net</Filter>
    </ClInclude>
    <ClInclude Include="libs\Poco\Net\SocketAcceptor.h">
      <Filter>库\Poco\Net</Filter>
    </ClInclude>
    <ClInclude Include="libs\Poco\Net\SocketAddress.h">
      <Filter>库\Poco\Net</Filter>
    </ClInclude>
    <ClInclude Include="libs\Poco\Net\SocketAddressImpl.h">
      <Filter>库\Poco\Net</Filter>
    </ClInclude>
    <ClInclude Include="libs\Poco\Net\SocketConnector.h">
      <Filter>库\Poco\Net</Filter>
    </ClInclude>
    <ClInclude Include="libs\Poco\Net\SocketDefs.h">
      <Filter>库\Poco\Net</Filter>
    </ClInclude>
    <ClInclude Include="libs\Poco\Net\SocketImpl.h">
      <Filter>库\Poco\Net</Filter>
    </ClInclude>
    <ClInclude Include="libs\Poco\Net\SocketNotification.h">
      <Filter>库\Poco\Net</Filter>
    </ClInclude>
    <ClInclude Include="libs\Poco\Net\SocketNotifier.h">
      <Filter>库\Poco\Net</Filter>
    </ClInclude>
    <ClInclude Include="libs\Poco\Net\SocketProactor.h">
      <Filter>库\Poco\Net</Filter>
    </ClInclude>
    <ClInclude Include="libs\Poco\Net\SocketReactor.h">
      <Filter>库\Poco\Net</Filter>
    </ClInclude>
    <ClInclude Include="libs\Poco\Net\SocketStream.h">
      <Filter>库\Poco\Net</Filter>
    </ClInclude>
    <ClInclude Include="libs\Poco\Net\SSLException.h">
      <Filter>库\Poco\Net</Filter>
    </ClInclude>
    <ClInclude Include="libs\Poco\Net\SSLManager.h">
      <Filter>库\Poco\Net</Filter>
    </ClInclude>
    <ClInclude Include="libs\Poco\Net\SSPINTLMCredentials.h">
      <Filter>库\Poco\Net</Filter>
    </ClInclude>
    <ClInclude Include="libs\Poco\Net\StreamSocket.h">
      <Filter>库\Poco\Net</Filter>
    </ClInclude>
    <ClInclude Include="libs\Poco\Net\StreamSocketImpl.h">
      <Filter>库\Poco\Net</Filter>
    </ClInclude>
    <ClInclude Include="libs\Poco\Net\StringPartSource.h">
      <Filter>库\Poco\Net</Filter>
    </ClInclude>
    <ClInclude Include="libs\Poco\Net\TCPServer.h">
      <Filter>库\Poco\Net</Filter>
    </ClInclude>
    <ClInclude Include="libs\Poco\Net\TCPServerConnection.h">
      <Filter>库\Poco\Net</Filter>
    </ClInclude>
    <ClInclude Include="libs\Poco\Net\TCPServerConnectionFactory.h">
      <Filter>库\Poco\Net</Filter>
    </ClInclude>
    <ClInclude Include="libs\Poco\Net\TCPServerDispatcher.h">
      <Filter>库\Poco\Net</Filter>
    </ClInclude>
    <ClInclude Include="libs\Poco\Net\TCPServerParams.h">
      <Filter>库\Poco\Net</Filter>
    </ClInclude>
    <ClInclude Include="libs\Poco\Net\UDPClient.h">
      <Filter>库\Poco\Net</Filter>
    </ClInclude>
    <ClInclude Include="libs\Poco\Net\UDPHandler.h">
      <Filter>库\Poco\Net</Filter>
    </ClInclude>
    <ClInclude Include="libs\Poco\Net\UDPServer.h">
      <Filter>库\Poco\Net</Filter>
    </ClInclude>
    <ClInclude Include="libs\Poco\Net\UDPServerParams.h">
      <Filter>库\Poco\Net</Filter>
    </ClInclude>
    <ClInclude Include="libs\Poco\Net\UDPSocketReader.h">
      <Filter>库\Poco\Net</Filter>
    </ClInclude>
    <ClInclude Include="libs\Poco\Net\Utility.h">
      <Filter>库\Poco\Net</Filter>
    </ClInclude>
    <ClInclude Include="libs\Poco\Net\VerificationErrorArgs.h">
      <Filter>库\Poco\Net</Filter>
    </ClInclude>
    <ClInclude Include="libs\Poco\Net\WebSocket.h">
      <Filter>库\Poco\Net</Filter>
    </ClInclude>
    <ClInclude Include="libs\Poco\Net\WebSocketImpl.h">
      <Filter>库\Poco\Net</Filter>
    </ClInclude>
    <ClInclude Include="libs\Poco\Net\X509Certificate.h">
      <Filter>库\Poco\Net</Filter>
    </ClInclude>
    <ClInclude Include="libs\Poco\Util\AbstractConfiguration.h">
      <Filter>库\Poco\Util</Filter>
    </ClInclude>
    <ClInclude Include="libs\Poco\Util\Application.h">
      <Filter>库\Poco\Util</Filter>
    </ClInclude>
    <ClInclude Include="libs\Poco\Util\ConfigurationMapper.h">
      <Filter>库\Poco\Util</Filter>
    </ClInclude>
    <ClInclude Include="libs\Poco\Util\ConfigurationView.h">
      <Filter>库\Poco\Util</Filter>
    </ClInclude>
    <ClInclude Include="libs\Poco\Util\FilesystemConfiguration.h">
      <Filter>库\Poco\Util</Filter>
    </ClInclude>
    <ClInclude Include="libs\Poco\Util\HelpFormatter.h">
      <Filter>库\Poco\Util</Filter>
    </ClInclude>
    <ClInclude Include="libs\Poco\Util\IniFileConfiguration.h">
      <Filter>库\Poco\Util</Filter>
    </ClInclude>
    <ClInclude Include="libs\Poco\Util\IntValidator.h">
      <Filter>库\Poco\Util</Filter>
    </ClInclude>
    <ClInclude Include="libs\Poco\Util\JSONConfiguration.h">
      <Filter>库\Poco\Util</Filter>
    </ClInclude>
    <ClInclude Include="libs\Poco\Util\LayeredConfiguration.h">
      <Filter>库\Poco\Util</Filter>
    </ClInclude>
    <ClInclude Include="libs\Poco\Util\LocalConfigurationView.h">
      <Filter>库\Poco\Util</Filter>
    </ClInclude>
    <ClInclude Include="libs\Poco\Util\LoggingConfigurator.h">
      <Filter>库\Poco\Util</Filter>
    </ClInclude>
    <ClInclude Include="libs\Poco\Util\LoggingSubsystem.h">
      <Filter>库\Poco\Util</Filter>
    </ClInclude>
    <ClInclude Include="libs\Poco\Util\MapConfiguration.h">
      <Filter>库\Poco\Util</Filter>
    </ClInclude>
    <ClInclude Include="libs\Poco\Util\Option.h">
      <Filter>库\Poco\Util</Filter>
    </ClInclude>
    <ClInclude Include="libs\Poco\Util\OptionCallback.h">
      <Filter>库\Poco\Util</Filter>
    </ClInclude>
    <ClInclude Include="libs\Poco\Util\OptionException.h">
      <Filter>库\Poco\Util</Filter>
    </ClInclude>
    <ClInclude Include="libs\Poco\Util\OptionProcessor.h">
      <Filter>库\Poco\Util</Filter>
    </ClInclude>
    <ClInclude Include="libs\Poco\Util\OptionSet.h">
      <Filter>库\Poco\Util</Filter>
    </ClInclude>
    <ClInclude Include="libs\Poco\Util\PropertyFileConfiguration.h">
      <Filter>库\Poco\Util</Filter>
    </ClInclude>
    <ClInclude Include="libs\Poco\Util\RegExpValidator.h">
      <Filter>库\Poco\Util</Filter>
    </ClInclude>
    <ClInclude Include="libs\Poco\Util\ServerApplication.h">
      <Filter>库\Poco\Util</Filter>
    </ClInclude>
    <ClInclude Include="libs\Poco\Util\Subsystem.h">
      <Filter>库\Poco\Util</Filter>
    </ClInclude>
    <ClInclude Include="libs\Poco\Util\SystemConfiguration.h">
      <Filter>库\Poco\Util</Filter>
    </ClInclude>
    <ClInclude Include="libs\Poco\Util\Timer.h">
      <Filter>库\Poco\Util</Filter>
    </ClInclude>
    <ClInclude Include="libs\Poco\Util\TimerTask.h">
      <Filter>库\Poco\Util</Filter>
    </ClInclude>
    <ClInclude Include="libs\Poco\Util\TimerTaskAdapter.h">
      <Filter>库\Poco\Util</Filter>
    </ClInclude>
    <ClInclude Include="libs\Poco\Util\Units.h">
      <Filter>库\Poco\Util</Filter>
    </ClInclude>
    <ClInclude Include="libs\Poco\Util\Util.h">
      <Filter>库\Poco\Util</Filter>
    </ClInclude>
    <ClInclude Include="libs\Poco\Util\Validator.h">
      <Filter>库\Poco\Util</Filter>
    </ClInclude>
    <ClInclude Include="libs\Poco\Util\WinRegistryConfiguration.h">
      <Filter>库\Poco\Util</Filter>
    </ClInclude>
    <ClInclude Include="libs\Poco\Util\WinRegistryKey.h">
      <Filter>库\Poco\Util</Filter>
    </ClInclude>
    <ClInclude Include="libs\Poco\Util\WinService.h">
      <Filter>库\Poco\Util</Filter>
    </ClInclude>
    <ClInclude Include="libs\Poco\Util\XMLConfiguration.h">
      <Filter>库\Poco\Util</Filter>
    </ClInclude>
    <ClInclude Include="include\udata.hpp">
      <Filter>头文件</Filter>
    </ClInclude>
    <ClInclude Include="include\result.hpp">
      <Filter>头文件</Filter>
    </ClInclude>
  </ItemGroup>
  <ItemGroup>
    <Library Include="libs\imsdk\ImSDK.lib">
      <Filter>库\imsdk</Filter>
    </Library>
    <Library Include="libs\Poco\lib\PocoFoundationmd.lib">
      <Filter>库\Poco\lib</Filter>
    </Library>
    <Library Include="libs\Poco\lib\PocoJSONmd.lib">
      <Filter>库\Poco\lib</Filter>
    </Library>
    <Library Include="libs\Poco\lib\PocoNetmd.lib">
      <Filter>库\Poco\lib</Filter>
    </Library>
    <Library Include="libs\Poco\lib\PocoNetSSLWinmd.lib">
      <Filter>库\Poco\lib</Filter>
    </Library>
    <Library Include="libs\Poco\lib\PocoUtilmd.lib">
      <Filter>库\Poco\lib</Filter>
    </Library>
    <Library Include="libs\Poco\lib\PocoXMLmd.lib">
      <Filter>库\Poco\lib</Filter>
    </Library>
  </ItemGroup>
</Project>